{
  "lockfileVersion": 1,
  "configVersion": 1,
  "workspaces": {
    "": {
      "name": "voxstudio",
      "devDependencies": {
        "@types/bun": "1.3.14",
        "typescript": "^5.9.3",
      },
    },
    "packages/audio": {
      "name": "@voxstudio/audio",
      "version": "0.1.0",
    },
    "packages/clients": {
      "name": "@voxstudio/clients",
      "version": "0.1.0",
      "dependencies": {
        "@voxstudio/contracts": "workspace:*",
      },
    },
    "packages/config": {
      "name": "@voxstudio/config",
      "version": "0.1.0",
      "dependencies": {
        "@voxstudio/contracts": "workspace:*",
        "@voxstudio/text": "workspace:*",
      },
    },
    "packages/contracts": {
      "name": "@voxstudio/contracts",
      "version": "0.1.0",
    },
    "packages/orchestration": {
      "name": "@voxstudio/orchestration",
      "version": "0.1.0",
      "dependencies": {
        "@voxstudio/audio": "workspace:*",
        "@voxstudio/contracts": "workspace:*",
        "@voxstudio/text": "workspace:*",
      },
    },
    "packages/text": {
      "name": "@voxstudio/text",
      "version": "0.1.0",
    },
  },
  "packages": {
    "@types/bun": ["@types/bun@1.3.14", "", { "dependencies": { "bun-types": "1.3.14" } }, "sha512-h1hFqFVcvAvD9j9K7ZW7vd82aSA+rTdznZa+5bwvCwqSB1jmmfLcbIWhOLx1/+boy/xmjgCs/OMUL8hRJSmnPw=="],

    "@types/node": ["@types/node@26.1.1", "", { "dependencies": { "undici-types": "~8.3.0" } }, "sha512-nxAkRSVkN1Y0JC1W8ky/fTfkGsMmcrRsbx+3XoZE+rMOX71kLYTV7fLXpqud1GpbpP5TuffXFqfX7fH2GgZREw=="],

    "@voxstudio/audio": ["@voxstudio/audio@workspace:packages/audio"],

    "@voxstudio/clients": ["@voxstudio/clients@workspace:packages/clients"],

    "@voxstudio/config": ["@voxstudio/config@workspace:packages/config"],

    "@voxstudio/contracts": ["@voxstudio/contracts@workspace:packages/contracts"],

    "@voxstudio/orchestration": ["@voxstudio/orchestration@workspace:packages/orchestration"],

    "@voxstudio/text": ["@voxstudio/text@workspace:packages/text"],

    "bun-types": ["bun-types@1.3.14", "", { "dependencies": { "@types/node": "*" } }, "sha512-4N0ig0fEomHt5R0KCFWjovxow98rIoRwKolrYdCcknNwMekCXRnWEUvgu5soYV8QXtVsrUD8B95MBOZGPvr6KQ=="],

    "typescript": ["typescript@5.9.3", "", { "bin": { "tsc": "bin/tsc", "tsserver": "bin/tsserver" } }, "sha512-jl1vZzPDinLr9eUt3J/t7V6FgNEw9QjvBPdysz9KfQDD41fQrC2Y4vKQdiaUpFT4bXlb1RHhLpp8wtm6M5TgSw=="],

    "undici-types": ["undici-types@8.3.0", "", {}, "sha512-j375ScV60dom+YkPFIfTLcOiPxkN/buHz5GobjLhixFuANaNs3C9l4GmrWqejgXWJ7BbJcFYpTEUkS1Ge8bpZQ=="],
  }
}
